{
  "version": "5",
  "specifiers": {
    "jsr:@oak/commons@1": "1.0.1",
    "jsr:@std/assert@1": "1.0.13",
    "jsr:@std/bytes@1": "1.0.6",
    "jsr:@std/crypto@1": "1.0.5",
    "jsr:@std/encoding@1": "1.0.10",
    "jsr:@std/encoding@^1.0.10": "1.0.10",
    "jsr:@std/http@1": "1.0.19",
    "jsr:@std/internal@^1.0.9": "1.0.10",
    "jsr:@std/media-types@1": "1.1.0",
    "jsr:@std/path@1": "1.1.1",
    "npm:@types/node@*": "22.15.15",
    "npm:path-to-regexp@^6.3.0": "6.3.0",
    "npm:xlsx@*": "0.18.5"
  },
  "jsr": {
    "@oak/commons@1.0.1": {
      "integrity": "889ff210f0b4292591721be07244ecb1b5c118742f5273c70cf30d7cd4184d0c",
      "dependencies": [
        "jsr:@std/assert",
        "jsr:@std/bytes",
        "jsr:@std/crypto",
        "jsr:@std/encoding@1",
        "jsr:@std/http",
        "jsr:@std/media-types"
      ]
    },
    "@std/assert@1.0.13": {
      "integrity": "ae0d31e41919b12c656c742b22522c32fb26ed0cba32975cb0de2a273cb68b29"
    },
    "@std/bytes@1.0.6": {
      "integrity": "f6ac6adbd8ccd99314045f5703e23af0a68d7f7e58364b47d2c7f408aeb5820a"
    },
    "@std/crypto@1.0.5": {
      "integrity": "0dcfbb319fe0bba1bd3af904ceb4f948cde1b92979ec1614528380ed308a3b40"
    },
    "@std/encoding@1.0.10": {
      "integrity": "8783c6384a2d13abd5e9e87a7ae0520a30e9f56aeeaa3bdf910a3eaaf5c811a1"
    },
    "@std/http@1.0.19": {
      "integrity": "52128c8d00a1f0b20019f8b72376e7ef5f3133375b6f805b5bc89b9de2ad4686",
      "dependencies": [
        "jsr:@std/encoding@^1.0.10"
      ]
    },
    "@std/internal@1.0.10": {
      "integrity": "e3be62ce42cab0e177c27698e5d9800122f67b766a0bea6ca4867886cbde8cf7"
    },
    "@std/media-types@1.1.0": {
      "integrity": "c9d093f0c05c3512932b330e3cc1fe1d627b301db33a4c2c2185c02471d6eaa4"
    },
    "@std/path@1.1.1": {
      "integrity": "fe00026bd3a7e6a27f73709b83c607798be40e20c81dde655ce34052fd82ec76",
      "dependencies": [
        "jsr:@std/internal"
      ]
    }
  },
  "npm": {
    "@libsql/darwin-arm64@0.5.13": {
      "integrity": "sha512-ASz/EAMLDLx3oq9PVvZ4zBXXHbz2TxtxUwX2xpTRFR4V4uSHAN07+jpLu3aK5HUBLuv58z7+GjaL5w/cyjR28Q==",
      "os": ["darwin"],
      "cpu": ["arm64"]
    },
    "@libsql/darwin-x64@0.5.13": {
      "integrity": "sha512-kzglniv1difkq8opusSXM7u9H0WoEPeKxw0ixIfcGfvlCVMJ+t9UNtXmyNHW68ljdllje6a4C6c94iPmIYafYA==",
      "os": ["darwin"],
      "cpu": ["x64"]
    },
    "@libsql/linux-arm-gnueabihf@0.5.13": {
      "integrity": "sha512-UEW+VZN2r0mFkfztKOS7cqfS8IemuekbjUXbXCwULHtusww2QNCXvM5KU9eJCNE419SZCb0qaEWYytcfka8qeA==",
      "os": ["linux"],
      "cpu": ["arm"]
    },
    "@libsql/linux-arm-musleabihf@0.5.13": {
      "integrity": "sha512-NMDgLqryYBv4Sr3WoO/m++XDjR5KLlw9r/JK4Ym6A1XBv2bxQQNhH0Lxx3bjLW8qqhBD4+0xfms4d2cOlexPyA==",
      "os": ["linux"],
      "cpu": ["arm"]
    },
    "@libsql/linux-arm64-gnu@0.5.13": {
      "integrity": "sha512-/wCxVdrwl1ee6D6LEjwl+w4SxuLm5UL9Kb1LD5n0bBGs0q+49ChdPPh7tp175iRgkcrTgl23emymvt1yj3KxVQ==",
      "os": ["linux"],
      "cpu": ["arm64"]
    },
    "@libsql/linux-arm64-musl@0.5.13": {
      "integrity": "sha512-xnVAbZIanUgX57XqeI5sNaDnVilp0Di5syCLSEo+bRyBobe/1IAeehNZpyVbCy91U2N6rH1C/mZU7jicVI9x+A==",
      "os": ["linux"],
      "cpu": ["arm64"]
    },
    "@libsql/linux-x64-gnu@0.5.13": {
      "integrity": "sha512-/mfMRxcQAI9f8t7tU3QZyh25lXgXKzgin9B9TOSnchD73PWtsVhlyfA6qOCfjQl5kr4sHscdXD5Yb3KIoUgrpQ==",
      "os": ["linux"],
      "cpu": ["x64"]
    },
    "@libsql/linux-x64-musl@0.5.13": {
      "integrity": "sha512-rdefPTpQCVwUjIQYbDLMv3qpd5MdrT0IeD0UZPGqhT9AWU8nJSQoj2lfyIDAWEz7PPOVCY4jHuEn7FS2sw9kRA==",
      "os": ["linux"],
      "cpu": ["x64"]
    },
    "@libsql/win32-x64-msvc@0.5.13": {
      "integrity": "sha512-aNcmDrD1Ws+dNZIv9ECbxBQumqB9MlSVEykwfXJpqv/593nABb8Ttg5nAGUPtnADyaGDTrGvPPP81d/KsKho4Q==",
      "os": ["win32"],
      "cpu": ["x64"]
    },
    "@types/node@22.15.15": {
      "integrity": "sha512-R5muMcZob3/Jjchn5LcO8jdKwSCbzqmPB6ruBxMcf9kbxtniZHP327s6C37iOfuw8mbKK3cAQa7sEl7afLrQ8A==",
      "dependencies": [
        "undici-types"
      ]
    },
    "adler-32@1.3.1": {
      "integrity": "sha512-ynZ4w/nUUv5rrsR8UUGoe1VC9hZj6V5hU9Qw1HlMDJGEJw5S7TfTErWTjMys6M7vr0YWcPqs3qAr4ss0nDfP+A=="
    },
    "cfb@1.2.2": {
      "integrity": "sha512-KfdUZsSOw19/ObEWasvBP/Ac4reZvAGauZhs6S/gqNhXhI7cKwvlH7ulj+dOEYnca4bm4SGo8C1bTAQvnTjgQA==",
      "dependencies": [
        "adler-32",
        "crc-32"
      ]
    },
    "codepage@1.15.0": {
      "integrity": "sha512-3g6NUTPd/YtuuGrhMnOMRjFc+LJw/bnMp3+0r/Wcz3IXUuCosKRJvMphm5+Q+bvTVGcJJuRvVLuYba+WojaFaA=="
    },
    "crc-32@1.2.2": {
      "integrity": "sha512-ROmzCKrTnOwybPcJApAA6WBWij23HVfGVNKqqrZpuyZOHqK2CwHSvpGuyt/UNNvaIjEd8X5IFGp4Mh+Ie1IHJQ==",
      "bin": true
    },
    "frac@1.1.2": {
      "integrity": "sha512-w/XBfkibaTl3YDqASwfDUqkna4Z2p9cFSr1aHDt0WoMTECnRfBOv2WArlZILlqgWlmdIlALXGpM2AOhEk5W3IA=="
    },
    "path-to-regexp@6.3.0": {
      "integrity": "sha512-Yhpw4T9C6hPpgPeA28us07OJeqZ5EzQTkbfwuhsUg0c237RomFoETJgmp2sa3F/41gfLE6G5cqcYwznmeEeOlQ=="
    },
    "ssf@0.11.2": {
      "integrity": "sha512-+idbmIXoYET47hH+d7dfm2epdOMUDjqcB4648sTZ+t2JwoyBFL/insLfB/racrDmsKB3diwsDA696pZMieAC5g==",
      "dependencies": [
        "frac"
      ]
    },
    "undici-types@6.21.0": {
      "integrity": "sha512-iwDZqg0QAGrg9Rav5H4n0M64c3mkR59cJ6wQp+7C4nI0gsmExaedaYLNO44eT4AtBBwjbTiGPMlt2Md0T9H9JQ=="
    },
    "wmf@1.0.2": {
      "integrity": "sha512-/p9K7bEh0Dj6WbXg4JG0xvLQmIadrner1bi45VMJTfnbVHsc7yIajZyoSoK60/dtVBs12Fm6WkUI5/3WAVsNMw=="
    },
    "word@0.3.0": {
      "integrity": "sha512-OELeY0Q61OXpdUfTp+oweA/vtLVg5VDOXh+3he3PNzLGG/y0oylSOC1xRVj0+l4vQ3tj/bB1HVHv1ocXkQceFA=="
    },
    "xlsx@0.18.5": {
      "integrity": "sha512-dmg3LCjBPHZnQp5/F/+nnTa+miPJxUXB6vtk42YjBBKayDNagxGEeIdWApkYPOf3Z3pm3k62Knjzp7lMeTEtFQ==",
      "dependencies": [
        "adler-32",
        "cfb",
        "codepage",
        "crc-32",
        "ssf",
        "wmf",
        "word"
      ],
      "bin": true
    }
  },
  "redirects": {
    "https://deno.land/x/cors/mod.ts": "https://deno.land/x/cors@v1.2.2/mod.ts",
    "https://esm.sh/@libsql/core@^0.6.0/api?target=denonext": "https://esm.sh/@libsql/core@0.6.2/api?target=denonext",
    "https://esm.sh/@libsql/core@^0.6.0/config?target=denonext": "https://esm.sh/@libsql/core@0.6.2/config?target=denonext",
    "https://esm.sh/@libsql/core@^0.6.0/uri?target=denonext": "https://esm.sh/@libsql/core@0.6.2/uri?target=denonext",
    "https://esm.sh/@libsql/core@^0.6.0/util?target=denonext": "https://esm.sh/@libsql/core@0.6.2/util?target=denonext",
    "https://esm.sh/@libsql/hrana-client@^0.6.0?target=denonext": "https://esm.sh/@libsql/hrana-client@0.6.2?target=denonext",
    "https://esm.sh/@libsql/isomorphic-fetch@^0.2.1?target=denonext": "https://esm.sh/@libsql/isomorphic-fetch@0.2.5?target=denonext",
    "https://esm.sh/@libsql/isomorphic-ws@^0.1.5?target=denonext": "https://esm.sh/@libsql/isomorphic-ws@0.1.5?target=denonext",
    "https://esm.sh/@types/ws@~8.5.13/index.d.mts": "https://esm.sh/@types/ws@8.5.14/index.d.mts",
    "https://esm.sh/js-base64@^3.7.5?target=denonext": "https://esm.sh/js-base64@3.7.7?target=denonext"
  },
  "remote": {
    "https://deno.land/std@0.105.0/encoding/base64.ts": "eecae390f1f1d1cae6f6c6d732ede5276bf4b9cd29b1d281678c054dc5cc009e",
    "https://deno.land/std@0.105.0/encoding/base64url.ts": "7160c189140857342eb34a1fb4b9c7fc566d61f4d1d2586054966c8860b14c6a",
    "https://deno.land/std@0.221.0/encoding/_util.ts": "beacef316c1255da9bc8e95afb1fa56ed69baef919c88dc06ae6cb7a6103d376",
    "https://deno.land/std@0.221.0/encoding/base64.ts": "8ccae67a1227b875340a8582ff707f37b131df435b07080d3bb58e07f5f97807",
    "https://deno.land/std@0.221.0/encoding/base64url.ts": "9cc46cf510436be63ac00ebf97a7de1993e603ca58e1853b344bf90d80ea9945",
    "https://deno.land/std@0.224.0/assert/assert.ts": "09d30564c09de846855b7b071e62b5974b001bb72a4b797958fe0660e7849834",
    "https://deno.land/std@0.224.0/assert/assertion_error.ts": "ba8752bd27ebc51f723702fac2f54d3e94447598f54264a6653d6413738a8917",
    "https://deno.land/std@0.224.0/csv/_io.ts": "568718b7eb4cf3ba140b0690a00ef5a8416ceae9a4116f386114c83717bd8a9e",
    "https://deno.land/std@0.224.0/csv/csv_parse_stream.ts": "f06696ed1fbda5cb75426dff735b9cc91227eb0fa5367591b98bf88b99ae3048",
    "https://deno.land/std@0.224.0/csv/csv_stringify_stream.ts": "b564e43b884eb9ab8e1efee8c30a0868a1a9328a33c32a7dd436dc26f63954ac",
    "https://deno.land/std@0.224.0/csv/mod.ts": "289ecf79b3609f63dfc1d39a7c791f8f14b73b29fb65bbb6b3e3e2bd0cddc75d",
    "https://deno.land/std@0.224.0/csv/parse.ts": "e2d5e82e19b71a968f5fcd3b76b438ee6f646fe8e948c4c2d3b00ad9cd0a659a",
    "https://deno.land/std@0.224.0/csv/stringify.ts": "9e0badcbc32fc63ee089d2dfbc5721650d5766ef0a554f07243ab8f03f7c3127",
    "https://deno.land/std@0.224.0/streams/_common.ts": "948735ef6d140cd6916dca861197b88fc57db52c2f923c392b7a14033d8fed4b",
    "https://deno.land/std@0.224.0/streams/text_delimiter_stream.ts": "94dfc900204e306496c1b58c80473db57b6097afdcb8ea9eaff453a193a659f1",
    "https://deno.land/std@0.61.0/encoding/utf8.ts": "8654fa820aa69a37ec5eb11908e20b39d056c9bf1c23ab294303ff467f3d50a1",
    "https://deno.land/x/bcrypt@v0.2.4/deps.ts": "dc2253e8aed3c5670f096fe9515913f644b650bae7212d8f6af5c14b88350461",
    "https://deno.land/x/bcrypt@v0.2.4/mod.ts": "8eaac7e28fd305228e5994de60032b743282bfeadd5060c1759288d27f32d28e",
    "https://deno.land/x/bcrypt@v0.2.4/src/bcrypt/base64.ts": "b8266450a4f1eb6960f60f2f7986afc4dde6b45bd2d7ee7ba10789e67e17b9f7",
    "https://deno.land/x/bcrypt@v0.2.4/src/bcrypt/bcrypt.ts": "7845b01323458b530dcf6e9ab46e513c507b6ff1670457afaa0b3465721b56b4",
    "https://deno.land/x/bcrypt@v0.2.4/src/main.ts": "4ac3ccc2247ce729f6c7d57654909949b62aafdabd996483c97f34aa1afac82a",
    "https://deno.land/x/bcrypt@v0.4.1/mod.ts": "ff09bdae282583cf5f7d87efe37ddcecef7f14f6d12e8b8066a3058db8c6c2f7",
    "https://deno.land/x/bcrypt@v0.4.1/src/bcrypt/base64.ts": "b8266450a4f1eb6960f60f2f7986afc4dde6b45bd2d7ee7ba10789e67e17b9f7",
    "https://deno.land/x/bcrypt@v0.4.1/src/bcrypt/bcrypt.ts": "ec221648cc6453ea5e3803bc817c01157dada06aa6f7a0ba6b9f87aae32b21e2",
    "https://deno.land/x/bcrypt@v0.4.1/src/main.ts": "08d201b289c8d9c46f8839c69cd6625b213863db29775c7a200afc3b540e64f8",
    "https://deno.land/x/bcrypt@v0.4.1/src/worker.ts": "5a73bdfee9c9e622f47c9733d374b627dce52fb3ec1e74c8226698b3fc57ffac",
    "https://deno.land/x/cors@v1.2.2/abcCors.ts": "cdf83a7eaa69a1bf3ab910d18b9422217902fac47601adcaf0afac5a61845d48",
    "https://deno.land/x/cors@v1.2.2/attainCors.ts": "7d6aba0f942495cc31119604e0895c9bb8edd8f8baa7fe78e6c655bd0b4cbf59",
    "https://deno.land/x/cors@v1.2.2/cors.ts": "0e2d9167e3685f9bcf48f565e312b6e1883fa458f7337e5ce7bc2e3b29767980",
    "https://deno.land/x/cors@v1.2.2/mithCors.ts": "3a359d6e716e0410ede278ab54d875b293a2d66d838aaa7cfbf9ddc1e9e990d3",
    "https://deno.land/x/cors@v1.2.2/mod.ts": "2b351913f56d77ad80cb3b8633d4539c9eeddb426dae79437ada0e6a9cb4f1a6",
    "https://deno.land/x/cors@v1.2.2/oakCors.ts": "1348dc7673c61b85d2e80559a7b44f8e0246eaa6bcc6ec744fafe5d9b13b5c71",
    "https://deno.land/x/cors@v1.2.2/opineCors.ts": "fb5790115c26b7061d84b8d6c17d258a1e241bcab75b0bc3ca1fdb2e57bc5072",
    "https://deno.land/x/cors@v1.2.2/types.ts": "97546633ccc7f0df7a29bacba5d91dc6f61decdd1b65258300244dba905d34b8",
    "https://deno.land/x/djwt@v2.4/algorithm.ts": "c33b94d2fc82f5afc92a676ef61049dd86fc8445d9caefc60570372ad20c0016",
    "https://deno.land/x/djwt@v2.4/deps.ts": "c86e2f5c16a943b7f8c1a451dc1aa62684188d5e1929afaa4433460a1936195b",
    "https://deno.land/x/djwt@v2.4/mod.ts": "d7c0f05688a9bd9ee60a33c131dd9f9ae19f82852262eb119377a2a09036905f",
    "https://deno.land/x/djwt@v2.4/signature.ts": "f79b4e521cd6a6dff28cd2779b1d9f2059f9e0822fb99c9f747ff34ae26532e4",
    "https://deno.land/x/djwt@v3.0.2/algorithm.ts": "b1c6645f9dbd6e6c47c123a3b18c28b956f91c65ed17f5b6d5d968fc3750542b",
    "https://deno.land/x/djwt@v3.0.2/deps.ts": "a7954fe567f2097b4f6aca11d091b6df658e485a817ac4dee47257ed5c28fd6e",
    "https://deno.land/x/djwt@v3.0.2/mod.ts": "962d8f2c4d6a4db111f45d777b152356aec31ba7db0ca664601175a422629857",
    "https://deno.land/x/djwt@v3.0.2/signature.ts": "16238fbf558267c85dd6c0178045f006c8b914a7301db87149f3318326569272",
    "https://deno.land/x/djwt@v3.0.2/util.ts": "5cb264d2125c553678e11446bcfa0494025d120e3f59d0a3ab38f6800def697d",
    "https://deno.land/x/dotenv@v3.2.2/mod.ts": "077b48773de9205266a0b44c3c3a3c3083449ed64bb0b6cc461b95720678d38e",
    "https://deno.land/x/dotenv@v3.2.2/util.ts": "693730877b13f8ead2b79b2aa31e2a0652862f7dc0c5f6d2f313f4d39c7b7670",
    "https://deno.land/x/oak@v17.1.4/application.ts": "69fb6462eed013562ee61239e60ea77e5df3abb2b0df34568593b9774d72e98f",
    "https://deno.land/x/oak@v17.1.4/body.ts": "f91d8e0298abbabe6acb543d1090e2a41aa665375918a575d72bd6b98b538e40",
    "https://deno.land/x/oak@v17.1.4/context.ts": "e04c3d67d68ee01a279aeded457b0d66255450593dacab22251e7eb0cf6a92e5",
    "https://deno.land/x/oak@v17.1.4/deps.ts": "c71a9421d2ead7803468cd40559cf122ee91d4e81e8a3a98706956f6654e2550",
    "https://deno.land/x/oak@v17.1.4/http_server_bun.ts": "c7f3eb6464d4f047fcc9335e632ffb6bfc24e5ef7dc9a53017a6e453d4197e4b",
    "https://deno.land/x/oak@v17.1.4/http_server_native.ts": "34bab402cc9b6fdf53706699ac2c2ab88faf5c14be2ae18aa105bdc4fd6a8471",
    "https://deno.land/x/oak@v17.1.4/http_server_native_request.ts": "aa98a2f4bbf6f7651c62eb0332a95a1b0faff1d76f7a07fa8bd600766eb24488",
    "https://deno.land/x/oak@v17.1.4/http_server_node.ts": "bfbf7585fcda5a1464cd0f904ec97cbb4d67367757f3ed8cdc99a590a94b34e1",
    "https://deno.land/x/oak@v17.1.4/middleware.ts": "a701caf9d872b93d26759f77c7ad545cb29bc3d197c8375b79b2fbe7e9e60958",
    "https://deno.land/x/oak@v17.1.4/middleware/etag.ts": "f5cf8eb2a7c99ae7e11a4e31dc60beda398aec7a08be343e0de6b632f8064e4d",
    "https://deno.land/x/oak@v17.1.4/middleware/proxy.ts": "e611b7d45f58a1b2caa1cb6c435774822d7b56aa136b8dbb8691fb52d07c5182",
    "https://deno.land/x/oak@v17.1.4/middleware/serve.ts": "66f1e405ac006bfa863e8852092e03951b93dd4ba8381996a719d93d00aa62fe",
    "https://deno.land/x/oak@v17.1.4/mod.ts": "1f42341a6138310eceaf7b8e9b72be4d2a913817d1e823090dee4e7d27c68e98",
    "https://deno.land/x/oak@v17.1.4/node_shims.ts": "e411aef698dca26dfc577d8581ddab678f528bd52bf681337f3c3bcc73845a0a",
    "https://deno.land/x/oak@v17.1.4/request.ts": "5123fd70841a540809702059527a192d22f78042db1bfc4a01eebd77ec25b0fb",
    "https://deno.land/x/oak@v17.1.4/response.ts": "483f8ddd7618325e6ac28f88a3ea9926a09b3c90fa53b481a7a5202d23a0755f",
    "https://deno.land/x/oak@v17.1.4/router.ts": "e8eb2f88806dfdd303f3a663fefb7d9e614342bf40738692e9ef4b2243e1bccd",
    "https://deno.land/x/oak@v17.1.4/send.ts": "42faed583f218ed85d5da7704f36b385537947ec4de6125e20ad8acbfe8d8f68",
    "https://deno.land/x/oak@v17.1.4/testing.ts": "d6489e78d689da08b9896cd0b9b9add243466b407ce6fd63d38e29f8c0a19f5c",
    "https://deno.land/x/oak@v17.1.4/types.ts": "0e74c6c46e0fcfddd87e90fe0216c4ae50c73b113e06d3bdc4283afc7b2570d6",
    "https://deno.land/x/oak@v17.1.4/utils/clone_state.ts": "5a0784d802b86cc3dbf415dfd286025f03a261b3a8f9b3b6fd671be8e51ff027",
    "https://deno.land/x/oak@v17.1.4/utils/consts.ts": "9e14324837558d7af3d4bfc8ba5f13216a0b5d2f8dac14a3a782bc1bbfb756ef",
    "https://deno.land/x/oak@v17.1.4/utils/create_promise_with_resolvers.ts": "f7eeaf65ffa7b6cef03b8dc3fa3a3e35ae5553c6abf1a2260d7797e076acd63a",
    "https://deno.land/x/oak@v17.1.4/utils/decode.ts": "434802a09534a26cc8b8cd009ecc422b4695d22859021fe34f8093784b2483b7",
    "https://deno.land/x/oak@v17.1.4/utils/decode_component.ts": "d68e6da33bf6e733d218c0b7ce7112520640e836f4cfa2760c4aee8facf1c581",
    "https://deno.land/x/oak@v17.1.4/utils/encode_url.ts": "16b213d70f5e211fb3633f97c704f9613d2f8033669d59e0c9ca4fc26551fad6",
    "https://deno.land/x/oak@v17.1.4/utils/resolve_path.ts": "aa39d54a003b38fee55f340a0cba3f93a7af85b8ddd5fbfb049a98fc0109b36d",
    "https://deno.land/x/oak@v17.1.4/utils/streams.ts": "c85ae197f5046d58d5a3e42221254a6c8e63172f9f01b77631e480e1dcc90e05",
    "https://deno.land/x/oak@v17.1.4/utils/type_guards.ts": "92ab7dae4bc5ce10206fb21ca13bedd13a4638848be15f9752146aedeab1fea4",
    "https://deno.land/x/oak@v17.1.5/application.ts": "69fb6462eed013562ee61239e60ea77e5df3abb2b0df34568593b9774d72e98f",
    "https://deno.land/x/oak@v17.1.5/body.ts": "f91d8e0298abbabe6acb543d1090e2a41aa665375918a575d72bd6b98b538e40",
    "https://deno.land/x/oak@v17.1.5/context.ts": "e04c3d67d68ee01a279aeded457b0d66255450593dacab22251e7eb0cf6a92e5",
    "https://deno.land/x/oak@v17.1.5/deps.ts": "c71a9421d2ead7803468cd40559cf122ee91d4e81e8a3a98706956f6654e2550",
    "https://deno.land/x/oak@v17.1.5/http_server_bun.ts": "c7f3eb6464d4f047fcc9335e632ffb6bfc24e5ef7dc9a53017a6e453d4197e4b",
    "https://deno.land/x/oak@v17.1.5/http_server_native.ts": "34bab402cc9b6fdf53706699ac2c2ab88faf5c14be2ae18aa105bdc4fd6a8471",
    "https://deno.land/x/oak@v17.1.5/http_server_native_request.ts": "aa98a2f4bbf6f7651c62eb0332a95a1b0faff1d76f7a07fa8bd600766eb24488",
    "https://deno.land/x/oak@v17.1.5/http_server_node.ts": "bfbf7585fcda5a1464cd0f904ec97cbb4d67367757f3ed8cdc99a590a94b34e1",
    "https://deno.land/x/oak@v17.1.5/middleware.ts": "a701caf9d872b93d26759f77c7ad545cb29bc3d197c8375b79b2fbe7e9e60958",
    "https://deno.land/x/oak@v17.1.5/middleware/etag.ts": "f5cf8eb2a7c99ae7e11a4e31dc60beda398aec7a08be343e0de6b632f8064e4d",
    "https://deno.land/x/oak@v17.1.5/middleware/proxy.ts": "e611b7d45f58a1b2caa1cb6c435774822d7b56aa136b8dbb8691fb52d07c5182",
    "https://deno.land/x/oak@v17.1.5/middleware/serve.ts": "66f1e405ac006bfa863e8852092e03951b93dd4ba8381996a719d93d00aa62fe",
    "https://deno.land/x/oak@v17.1.5/mod.ts": "1f42341a6138310eceaf7b8e9b72be4d2a913817d1e823090dee4e7d27c68e98",
    "https://deno.land/x/oak@v17.1.5/node_shims.ts": "e411aef698dca26dfc577d8581ddab678f528bd52bf681337f3c3bcc73845a0a",
    "https://deno.land/x/oak@v17.1.5/request.ts": "5123fd70841a540809702059527a192d22f78042db1bfc4a01eebd77ec25b0fb",
    "https://deno.land/x/oak@v17.1.5/response.ts": "483f8ddd7618325e6ac28f88a3ea9926a09b3c90fa53b481a7a5202d23a0755f",
    "https://deno.land/x/oak@v17.1.5/router.ts": "e8eb2f88806dfdd303f3a663fefb7d9e614342bf40738692e9ef4b2243e1bccd",
    "https://deno.land/x/oak@v17.1.5/send.ts": "42faed583f218ed85d5da7704f36b385537947ec4de6125e20ad8acbfe8d8f68",
    "https://deno.land/x/oak@v17.1.5/testing.ts": "d6489e78d689da08b9896cd0b9b9add243466b407ce6fd63d38e29f8c0a19f5c",
    "https://deno.land/x/oak@v17.1.5/types.ts": "0e74c6c46e0fcfddd87e90fe0216c4ae50c73b113e06d3bdc4283afc7b2570d6",
    "https://deno.land/x/oak@v17.1.5/utils/clone_state.ts": "5a0784d802b86cc3dbf415dfd286025f03a261b3a8f9b3b6fd671be8e51ff027",
    "https://deno.land/x/oak@v17.1.5/utils/consts.ts": "9e14324837558d7af3d4bfc8ba5f13216a0b5d2f8dac14a3a782bc1bbfb756ef",
    "https://deno.land/x/oak@v17.1.5/utils/create_promise_with_resolvers.ts": "f7eeaf65ffa7b6cef03b8dc3fa3a3e35ae5553c6abf1a2260d7797e076acd63a",
    "https://deno.land/x/oak@v17.1.5/utils/decode.ts": "434802a09534a26cc8b8cd009ecc422b4695d22859021fe34f8093784b2483b7",
    "https://deno.land/x/oak@v17.1.5/utils/decode_component.ts": "d68e6da33bf6e733d218c0b7ce7112520640e836f4cfa2760c4aee8facf1c581",
    "https://deno.land/x/oak@v17.1.5/utils/encode_url.ts": "16b213d70f5e211fb3633f97c704f9613d2f8033669d59e0c9ca4fc26551fad6",
    "https://deno.land/x/oak@v17.1.5/utils/resolve_path.ts": "aa39d54a003b38fee55f340a0cba3f93a7af85b8ddd5fbfb049a98fc0109b36d",
    "https://deno.land/x/oak@v17.1.5/utils/streams.ts": "c85ae197f5046d58d5a3e42221254a6c8e63172f9f01b77631e480e1dcc90e05",
    "https://deno.land/x/oak@v17.1.5/utils/type_guards.ts": "766b94850c9058a41ad8beac5b6df5a55cd5445bf77a356b520b6cb47f488697",
    "https://deno.land/x/uuid@v0.1.2/mod.ts": "efc48233163b385262e5ec79662ad76f7684ad80080fc69a140c6e01e56c75d8",
    "https://deno.land/x/uuid@v0.1.2/v4.ts": "00392ef1efb815545d6b0ec5fb0260d4ed4295259abc3162766e397c47226a7b",
    "https://esm.sh/@libsql/client@0.6.0/denonext/http.mjs": "148037581e5bb18e1b4d538611ca902103b9d05dfb331a3b1e615102a6d4204c",
    "https://esm.sh/@libsql/client@0.6.0/denonext/lib-esm/hrana.mjs": "7de504e4bfb97232286984b7b2df280a8a22d6b0a95c6fa2bf0dc8300963cfb9",
    "https://esm.sh/@libsql/client@0.6.0/denonext/lib-esm/sql_cache.mjs": "60c67baa99a6c37b73a96c1b66bb93295460f1eb89197befe7957e5441cb0046",
    "https://esm.sh/@libsql/client@0.6.0/denonext/web.mjs": "753c925c0c42839e5dc6cd9545d3857f235cc86d61d202b2fcc4f769c24d3af2",
    "https://esm.sh/@libsql/client@0.6.0/denonext/ws.mjs": "77353749d561df39bdd259fd61662859683139b527db150b501c77ff633948fa",
    "https://esm.sh/@libsql/client@0.6.0/web": "1b94d6f16284ebc3a7424499a5db8f5d01ae04403847a4cf3d2b6c2f18d2ffaa",
    "https://esm.sh/@libsql/core@0.6.2/api?target=denonext": "822c5ca0d275c77eada3263848d3671a015eb04cbdbd49ef3a6da53e2c5a3966",
    "https://esm.sh/@libsql/core@0.6.2/config?target=denonext": "e804f2d6faec42aeb9d8d01444acfa61ccd6a110082a18b38954ee72bc57b555",
    "https://esm.sh/@libsql/core@0.6.2/denonext/api.mjs": "4666c2f1616b4f726cad8693de709f5ce9ee5c54403faca6afc638af71226393",
    "https://esm.sh/@libsql/core@0.6.2/denonext/config.mjs": "1a81494c5a1f2bd3a4ad0e342e39a726dec2215d004396be8b4ae12368231544",
    "https://esm.sh/@libsql/core@0.6.2/denonext/uri.mjs": "ff5528490e7495c51111b336ecf8ec253e05e999e59cd09332c8e34b05c59963",
    "https://esm.sh/@libsql/core@0.6.2/denonext/util.mjs": "5bec6660d3c9d3239e1a71c542368d6a8bea3c230c504b4a7e279f797e73c737",
    "https://esm.sh/@libsql/core@0.6.2/uri?target=denonext": "8e98eeca38a501f9b54e78db24b9fcec5d6e2d3e6cf6b62ad43bc00304998993",
    "https://esm.sh/@libsql/core@0.6.2/util?target=denonext": "921b1c575afc0471937fc9bc2bd0d114e8dba324b6dc863c82ae1a694af0052d",
    "https://esm.sh/@libsql/hrana-client@0.6.2/denonext/hrana-client.mjs": "745551ed76a95591f6ae08d2b4a3bf7384be99b21580f66270d3cdede1ba2447",
    "https://esm.sh/@libsql/hrana-client@0.6.2?target=denonext": "4c32b73eb71515d731ac4169b3e951cd41402ccbb4c33e42fc55ab9aafafe4e5",
    "https://esm.sh/@libsql/isomorphic-fetch@0.2.5/denonext/isomorphic-fetch.mjs": "e5c81d082ca4319b8f8e40644bcf60e9f47e3a9615b8e25fc0fa757d90ec4d61",
    "https://esm.sh/@libsql/isomorphic-fetch@0.2.5?target=denonext": "e52f931ee2fa28e03406ca26a7c47b75cf6731fb81fa41b4ed72910ee65c8e3b",
    "https://esm.sh/@libsql/isomorphic-ws@0.1.5/denonext/isomorphic-ws.mjs": "9d104b6fe80cb913bd8b09e76a6e7e83e5d7537bd7dbf1d593da5842888cd2b2",
    "https://esm.sh/@libsql/isomorphic-ws@0.1.5?target=denonext": "0d1a1aa981e92234677ee9b98e72d31125bde45d08cb653917dd2c5144001c9a",
    "https://esm.sh/js-base64@3.7.7/denonext/js-base64.mjs": "277e909132eeaa5e0814d0a66d664c14891770614d3ec463d6d8d6ee78787f31",
    "https://esm.sh/js-base64@3.7.7?target=denonext": "5b6379296e1f6e8d0c5b5514d6b15f0fe36cd40a5c7b8573f31d0eeb333f033f",
    "https://esm.sh/zod@3.22.4": "58f997d2fb4d837fdccc359937cfa92ec0c2870fcda1e58fa52eadd998b06dd1",
    "https://esm.sh/zod@3.22.4/denonext/zod.mjs": "2302c597fb6b5342e5f56ece83f759f82383376d7eca8d00eb56c41d2a65fb5b"
  }
}
